# This file is automatically @generated by Cargo.
# It is not intended for manual editing.
version = 4

[[package]]
name = "android-activity"
version = "0.6.1"
source = "registry+https://github.com/rust-lang/crates.io-index"
checksum = "0f2a1bb052857d5dd49572219344a7332b31b76405648eabac5bc68978251bcd"
dependencies = [
 "android-properties",
 "bitflags 2.13.1",
 "cc",
 "jni",
 "libc",
 "log",
 "ndk",
 "ndk-context",
 "ndk-sys",
 "num_enum",
 "thiserror 2.0.20",
]
